{
  "requires": true,
  "lockfileVersion": 1,
  "dependencies": {
    "hilbert-2d": {
      "version": "0.0.1",
      "resolved": "https://registry.npmjs.org/hilbert-2d/-/hilbert-2d-0.0.1.tgz",
      "integrity": "sha512-8eEDdFJlkCqoifYcqk3NLkrmqLDCLJFCcyyfh1FRRy4wKlaM/xnUzDeUNsNbsGqNFyaAU70VUw2oijHDyAHR2g=="
    }
  }
}
